
Microsoft Visual Studio Solution File, Format Version 12.00
# Visual Studio 15
VisualStudioVersion = 15.0.27703.2047
MinimumVisualStudioVersion = 10.0.40219.1
Project("{FAE04EC0-301F-11D3-BF4B-00C04F79EFBC}") = "bobbySaxyKennel", "bobbySaxyKennel.csproj", "{2B06FC80-DAA1-4B20-91AB-EC030618096F}"
EndProject
Global
	GlobalSection(SolutionConfigurationPlatforms) = preSolution
		Debug|Any CPU = Debug|Any CPU
		Release|Any CPU = Release|Any CPU
	EndGlobalSection
	GlobalSection(ProjectConfigurationPlatforms) = postSolution
		{2B06FC80-DAA1-4B20-91AB-EC030618096F}.Debug|Any CPU.ActiveCfg = Debug|Any CPU
		{2B06FC80-DAA1-4B20-91AB-EC030618096F}.Debug|Any CPU.Build.0 = Debug|Any CPU
		{2B06FC80-DAA1-4B20-91AB-EC030618096F}.Release|Any CPU.ActiveCfg = Release|Any CPU
		{2B06FC80-DAA1-4B20-91AB-EC030618096F}.Release|Any CPU.Build.0 = Release|Any CPU
	EndGlobalSection
	GlobalSection(SolutionProperties) = preSolution
		HideSolutionNode = FALSE
	EndGlobalSection
	GlobalSection(ExtensibilityGlobals) = postSolution
		SolutionGuid = {625732C0-D026-441A-BE21-03590AFDFAD0}
	EndGlobalSection
EndGlobal
